
Microsoft Visual Studio Solution File, Format Version 12.00
# Visual Studio Version 16
VisualStudioVersion = 16.0.29519.181
MinimumVisualStudioVersion = 10.0.40219.1
Project("{FAE04EC0-301F-11D3-BF4B-00C04F79EFBC}") = "FlvInteractiveRebase", "FlvInteractiveRebase\FlvInteractiveRebase.csproj", "{9AD178BD-B0B8-4196-BCC2-CBD52E71B8C1}"
EndProject
Global
	GlobalSection(SolutionConfigurationPlatforms) = preSolution
		Debug|Any CPU = Debug|Any CPU
		Release|Any CPU = Release|Any CPU
	EndGlobalSection
	GlobalSection(ProjectConfigurationPlatforms) = postSolution
		{9AD178BD-B0B8-4196-BCC2-CBD52E71B8C1}.Debug|Any CPU.ActiveCfg = Debug|Any CPU
		{9AD178BD-B0B8-4196-BCC2-CBD52E71B8C1}.Debug|Any CPU.Build.0 = Debug|Any CPU
		{9AD178BD-B0B8-4196-BCC2-CBD52E71B8C1}.Release|Any CPU.ActiveCfg = Release|Any CPU
		{9AD178BD-B0B8-4196-BCC2-CBD52E71B8C1}.Release|Any CPU.Build.0 = Release|Any CPU
	EndGlobalSection
	GlobalSection(SolutionProperties) = preSolution
		HideSolutionNode = FALSE
	EndGlobalSection
	GlobalSection(ExtensibilityGlobals) = postSolution
		SolutionGuid = {EE6D279A-52DF-411A-A260-5D7861366288}
	EndGlobalSection
EndGlobal
